
Microsoft Visual Studio Solution File, Format Version 12.00
# Visual Studio Version 17
VisualStudioVersion = 17.12.35707.178 d17.12
MinimumVisualStudioVersion = 10.0.40219.1
Project("{FAE04EC0-301F-11D3-BF4B-00C04F79EFBC}") = "MoleculeLibrary", "MoleculeLibrary.csproj", "{3A0992A0-4DCA-4FB5-A8D1-B178D5B0E9F5}"
EndProject
Project("{FAE04EC0-301F-11D3-BF4B-00C04F79EFBC}") = "MoleculeTest", "..\MoleculeTest\MoleculeTest.csproj", "{AC2240A2-FA93-4BE4-A3D6-6137B8960FFD}"
EndProject
Global
	GlobalSection(SolutionConfigurationPlatforms) = preSolution
		Debug|Any CPU = Debug|Any CPU
		Release|Any CPU = Release|Any CPU
	EndGlobalSection
	GlobalSection(ProjectConfigurationPlatforms) = postSolution
		{3A0992A0-4DCA-4FB5-A8D1-B178D5B0E9F5}.Debug|Any CPU.ActiveCfg = Debug|Any CPU
		{3A0992A0-4DCA-4FB5-A8D1-B178D5B0E9F5}.Debug|Any CPU.Build.0 = Debug|Any CPU
		{3A0992A0-4DCA-4FB5-A8D1-B178D5B0E9F5}.Release|Any CPU.ActiveCfg = Release|Any CPU
		{3A0992A0-4DCA-4FB5-A8D1-B178D5B0E9F5}.Release|Any CPU.Build.0 = Release|Any CPU
		{AC2240A2-FA93-4BE4-A3D6-6137B8960FFD}.Debug|Any CPU.ActiveCfg = Debug|Any CPU
		{AC2240A2-FA93-4BE4-A3D6-6137B8960FFD}.Debug|Any CPU.Build.0 = Debug|Any CPU
		{AC2240A2-FA93-4BE4-A3D6-6137B8960FFD}.Release|Any CPU.ActiveCfg = Release|Any CPU
		{AC2240A2-FA93-4BE4-A3D6-6137B8960FFD}.Release|Any CPU.Build.0 = Release|Any CPU
	EndGlobalSection
	GlobalSection(SolutionProperties) = preSolution
		HideSolutionNode = FALSE
	EndGlobalSection
EndGlobal
